
Microsoft Visual Studio Solution File, Format Version 12.00
# Visual Studio Version 16
VisualStudioVersion = 16.0.30611.23
MinimumVisualStudioVersion = 10.0.40219.1
Project("{F184B08F-C81C-45F6-A57F-5ABD9991F28F}") = "JenkinsViewV2", "JenkinsViewV2.vbproj", "{F6A306F0-DA50-4836-9EB4-ECFCA5671172}"
EndProject
Global
	GlobalSection(SolutionConfigurationPlatforms) = preSolution
		Debug|Any CPU = Debug|Any CPU
		Release|Any CPU = Release|Any CPU
	EndGlobalSection
	GlobalSection(ProjectConfigurationPlatforms) = postSolution
		{F6A306F0-DA50-4836-9EB4-ECFCA5671172}.Debug|Any CPU.ActiveCfg = Debug|Any CPU
		{F6A306F0-DA50-4836-9EB4-ECFCA5671172}.Debug|Any CPU.Build.0 = Debug|Any CPU
		{F6A306F0-DA50-4836-9EB4-ECFCA5671172}.Release|Any CPU.ActiveCfg = Release|Any CPU
		{F6A306F0-DA50-4836-9EB4-ECFCA5671172}.Release|Any CPU.Build.0 = Release|Any CPU
	EndGlobalSection
	GlobalSection(SolutionProperties) = preSolution
		HideSolutionNode = FALSE
	EndGlobalSection
	GlobalSection(ExtensibilityGlobals) = postSolution
		SolutionGuid = {7D7F261C-DA36-42E1-BD8D-664D6640A1FF}
	EndGlobalSection
EndGlobal
